
Microsoft Visual Studio Solution File, Format Version 12.00
# Visual Studio Version 16
VisualStudioVersion = 16.0.29728.190
MinimumVisualStudioVersion = 10.0.40219.1
Project("{FAE04EC0-301F-11D3-BF4B-00C04F79EFBC}") = "ShimAdder", "ShimAdder\ShimAdder.csproj", "{7D2410ED-DB04-4355-9AFF-5DBAE6B150B2}"
EndProject
Global
	GlobalSection(SolutionConfigurationPlatforms) = preSolution
		Debug|Any CPU = Debug|Any CPU
		Release|Any CPU = Release|Any CPU
	EndGlobalSection
	GlobalSection(ProjectConfigurationPlatforms) = postSolution
		{7D2410ED-DB04-4355-9AFF-5DBAE6B150B2}.Debug|Any CPU.ActiveCfg = Debug|Any CPU
		{7D2410ED-DB04-4355-9AFF-5DBAE6B150B2}.Debug|Any CPU.Build.0 = Debug|Any CPU
		{7D2410ED-DB04-4355-9AFF-5DBAE6B150B2}.Release|Any CPU.ActiveCfg = Release|Any CPU
		{7D2410ED-DB04-4355-9AFF-5DBAE6B150B2}.Release|Any CPU.Build.0 = Release|Any CPU
	EndGlobalSection
	GlobalSection(SolutionProperties) = preSolution
		HideSolutionNode = FALSE
	EndGlobalSection
	GlobalSection(ExtensibilityGlobals) = postSolution
		SolutionGuid = {F0191D15-0EBB-48A0-B3C1-40EC7E72DD6E}
	EndGlobalSection
EndGlobal
